
Microsoft Visual Studio Solution File, Format Version 12.00
# Visual Studio Version 17
VisualStudioVersion = 17.3.32901.215
MinimumVisualStudioVersion = 10.0.40219.1
Project("{FAE04EC0-301F-11D3-BF4B-00C04F79EFBC}") = "date-time-kullanımı", "date-time-kullanımı\date-time-kullanımı.csproj", "{46564D42-B8F9-4269-AF53-CFE04626DA08}"
EndProject
Global
	GlobalSection(SolutionConfigurationPlatforms) = preSolution
		Debug|Any CPU = Debug|Any CPU
		Release|Any CPU = Release|Any CPU
	EndGlobalSection
	GlobalSection(ProjectConfigurationPlatforms) = postSolution
		{46564D42-B8F9-4269-AF53-CFE04626DA08}.Debug|Any CPU.ActiveCfg = Debug|Any CPU
		{46564D42-B8F9-4269-AF53-CFE04626DA08}.Debug|Any CPU.Build.0 = Debug|Any CPU
		{46564D42-B8F9-4269-AF53-CFE04626DA08}.Release|Any CPU.ActiveCfg = Release|Any CPU
		{46564D42-B8F9-4269-AF53-CFE04626DA08}.Release|Any CPU.Build.0 = Release|Any CPU
	EndGlobalSection
	GlobalSection(SolutionProperties) = preSolution
		HideSolutionNode = FALSE
	EndGlobalSection
	GlobalSection(ExtensibilityGlobals) = postSolution
		SolutionGuid = {488E8DD3-8FF8-40D3-9C74-720C8F9D2C24}
	EndGlobalSection
EndGlobal
